# generated by rye
# use `rye lock` or `rye sync` to update this lockfile
#
# last locked with the following flags:
#   pre: false
#   features: []
#   all-features: false
#   with-sources: false

-e file:.
annotated-types==0.7.0
    # via pydantic
anyio==4.3.0
    # via asyncer
    # via fast-depends
    # via httpx
    # via starlette
    # via watchfiles
asyncer==0.0.7
    # via aioclock
babel==2.15.0
    # via mkdocs-material
black==24.4.2
cachetools==5.3.3
    # via tox
certifi==2024.2.2
    # via httpcore
    # via httpx
    # via requests
chardet==5.2.0
    # via tox
charset-normalizer==3.3.2
    # via requests
click==8.1.7
    # via black
    # via mkdocs
    # via mkdocstrings
    # via typer
    # via uvicorn
colorama==0.4.6
    # via griffe
    # via mkdocs-material
    # via tox
croniter==2.0.5
    # via aioclock
distlib==0.3.8
    # via virtualenv
dnspython==2.6.1
    # via email-validator
email-validator==2.1.1
    # via fastapi
fast-depends==2.4.3
    # via aioclock
fastapi==0.111.0
fastapi-cli==0.0.4
    # via fastapi
filelock==3.14.0
    # via tox
    # via virtualenv
ghp-import==2.1.0
    # via mkdocs
griffe==0.45.2
    # via mkdocstrings-python
h11==0.14.0
    # via httpcore
    # via uvicorn
httpcore==1.0.5
    # via httpx
httptools==0.6.1
    # via uvicorn
httpx==0.27.0
    # via fastapi
idna==3.7
    # via anyio
    # via email-validator
    # via httpx
    # via requests
importlib-metadata==7.1.0
    # via mike
importlib-resources==6.4.0
    # via mike
iniconfig==2.0.0
    # via pytest
jinja2==3.1.4
    # via fastapi
    # via mike
    # via mkdocs
    # via mkdocs-material
    # via mkdocstrings
markdown==3.6
    # via mkdocs
    # via mkdocs-autorefs
    # via mkdocs-material
    # via mkdocstrings
    # via pymdown-extensions
markdown-it-py==3.0.0
    # via rich
markupsafe==2.1.5
    # via jinja2
    # via mkdocs
    # via mkdocs-autorefs
    # via mkdocstrings
mdurl==0.1.2
    # via markdown-it-py
mergedeep==1.3.4
    # via mkdocs
    # via mkdocs-get-deps
mike==2.0.0
mkdocs==1.6.0
    # via mike
    # via mkdocs-autorefs
    # via mkdocs-material
    # via mkdocs-simple-hooks
    # via mkdocstrings
mkdocs-autorefs==1.0.1
    # via mkdocstrings
mkdocs-get-deps==0.2.0
    # via mkdocs
mkdocs-material==9.5.24
mkdocs-material-extensions==1.3.1
    # via mkdocs-material
mkdocs-simple-hooks==0.1.5
mkdocstrings==0.25.1
    # via mkdocstrings-python
mkdocstrings-python==1.10.3
    # via mkdocstrings
mypy-extensions==1.0.0
    # via black
nodeenv==1.8.0
    # via pyright
orjson==3.10.3
    # via fastapi
packaging==24.0
    # via black
    # via mkdocs
    # via pyproject-api
    # via pytest
    # via tox
paginate==0.5.6
    # via mkdocs-material
pathspec==0.12.1
    # via black
    # via mkdocs
platformdirs==4.2.2
    # via black
    # via mkdocs-get-deps
    # via mkdocstrings
    # via tox
    # via virtualenv
pluggy==1.5.0
    # via pytest
    # via tox
pydantic==2.9.0
    # via aioclock
    # via fast-depends
    # via fastapi
pydantic-core==2.23.2
    # via pydantic
pygments==2.18.0
    # via mkdocs-material
    # via rich
pymdown-extensions==10.8.1
    # via mkdocs-material
    # via mkdocstrings
pyparsing==3.1.2
    # via mike
pyproject-api==1.6.1
    # via tox
pyright==1.1.364
pytest==8.2.1
    # via pytest-asyncio
pytest-asyncio==0.23.7
python-dateutil==2.9.0.post0
    # via croniter
    # via ghp-import
python-dotenv==1.0.1
    # via uvicorn
python-multipart==0.0.9
    # via fastapi
pytz==2024.1
    # via croniter
pyyaml==6.0.1
    # via mike
    # via mkdocs
    # via mkdocs-get-deps
    # via pymdown-extensions
    # via pyyaml-env-tag
    # via uvicorn
pyyaml-env-tag==0.1
    # via mkdocs
regex==2024.5.15
    # via mkdocs-material
requests==2.32.2
    # via mkdocs-material
rich==13.7.1
    # via typer
ruff==0.4.5
setuptools==70.0.0
    # via nodeenv
shellingham==1.5.4
    # via typer
six==1.16.0
    # via python-dateutil
sniffio==1.3.1
    # via anyio
    # via httpx
starlette==0.37.2
    # via fastapi
tox==4.15.0
typer==0.12.3
    # via fastapi-cli
typing-extensions==4.12.0
    # via fastapi
    # via pydantic
    # via pydantic-core
    # via typer
tzdata==2024.1
    # via pydantic
ujson==5.10.0
    # via fastapi
urllib3==2.2.1
    # via requests
uvicorn==0.29.0
    # via fastapi
uvloop==0.19.0
    # via uvicorn
verspec==0.1.0
    # via mike
virtualenv==20.26.2
    # via tox
watchdog==4.0.1
    # via mkdocs
watchfiles==0.21.0
    # via uvicorn
websockets==12.0
    # via uvicorn
zipp==3.18.2
    # via importlib-metadata
